{
  "name": "@sheba/commit-template",
  "version": "1.1.0",
  "lockfileVersion": 1,
  "requires": true,
  "dependencies": {
    "ansi-regex": {
      "version": "3.0.0",
      "resolved": "https://registry.npmjs.org/ansi-regex/-/ansi-regex-3.0.0.tgz",
      "integrity": "sha1-7QMXwyIGT3lGbAKWa922Bas32Zg="
    },
    "cli-truncate": {
      "version": "1.1.0",
      "resolved": "https://registry.npmjs.org/cli-truncate/-/cli-truncate-1.1.0.tgz",
      "integrity": "sha512-bAtZo0u82gCfaAGfSNxUdTI9mNyza7D8w4CVCcaOsy7sgwDzvx6ekr6cuWJqY3UGzgnQ1+4wgENup5eIhgxEYA==",
      "requires": {
        "slice-ansi": "^1.0.0",
        "string-width": "^2.0.0"
      }
    },
    "clone": {
      "version": "1.0.4",
      "resolved": "https://registry.npmjs.org/clone/-/clone-1.0.4.tgz",
      "integrity": "sha1-2jCcwmPfFZlMaIypAheco8fNfH4="
    },
    "defaults": {
      "version": "1.0.3",
      "resolved": "https://registry.npmjs.org/defaults/-/defaults-1.0.3.tgz",
      "integrity": "sha1-xlYFHpgX2f8I7YgUd/P+QBnz730=",
      "requires": {
        "clone": "^1.0.2"
      }
    },
    "fuse.js": {
      "version": "3.4.5",
      "resolved": "https://registry.npmjs.org/fuse.js/-/fuse.js-3.4.5.tgz",
      "integrity": "sha512-s9PGTaQIkT69HaeoTVjwGsLfb8V8ScJLx5XGFcKHg0MqLUH/UZ4EKOtqtXX9k7AFqCGxD1aJmYb8Q5VYDibVRQ=="
    },
    "fuzzy": {
      "version": "0.1.3",
      "resolved": "https://registry.npmjs.org/fuzzy/-/fuzzy-0.1.3.tgz",
      "integrity": "sha1-THbsL/CsGjap3M+aAN+GIweNTtg="
    },
    "home-dir": {
      "version": "1.0.0",
      "resolved": "https://registry.npmjs.org/home-dir/-/home-dir-1.0.0.tgz",
      "integrity": "sha1-KRfrRL3JByztqUJXlUOEfjAX/k4="
    },
    "is-fullwidth-code-point": {
      "version": "2.0.0",
      "resolved": "https://registry.npmjs.org/is-fullwidth-code-point/-/is-fullwidth-code-point-2.0.0.tgz",
      "integrity": "sha1-o7MKXE8ZkYMWeqq5O+764937ZU8="
    },
    "pad": {
      "version": "2.3.0",
      "resolved": "https://registry.npmjs.org/pad/-/pad-2.3.0.tgz",
      "integrity": "sha512-lxrgnOG5AXmzMRT1O5urWtYFxHnFSE+QntgTHij1nvS4W+ubhQLmQRHmZXDeEvk9I00itAixLqU9Q6fE0gW3sw==",
      "requires": {
        "wcwidth": "^1.0.1"
      }
    },
    "slice-ansi": {
      "version": "1.0.0",
      "resolved": "https://registry.npmjs.org/slice-ansi/-/slice-ansi-1.0.0.tgz",
      "integrity": "sha512-POqxBK6Lb3q6s047D/XsDVNPnF9Dl8JSaqe9h9lURl0OdNqy/ujDrOiIHtsqXMGbWWTIomRzAMaTyawAU//Reg==",
      "requires": {
        "is-fullwidth-code-point": "^2.0.0"
      }
    },
    "string-width": {
      "version": "2.1.1",
      "resolved": "https://registry.npmjs.org/string-width/-/string-width-2.1.1.tgz",
      "integrity": "sha512-nOqH59deCq9SRHlxq1Aw85Jnt4w6KvLKqWVik6oA9ZklXLNIOlqg4F2yrT1MVaTjAqvVwdfeZ7w7aCvJD7ugkw==",
      "requires": {
        "is-fullwidth-code-point": "^2.0.0",
        "strip-ansi": "^4.0.0"
      }
    },
    "strip-ansi": {
      "version": "4.0.0",
      "resolved": "https://registry.npmjs.org/strip-ansi/-/strip-ansi-4.0.0.tgz",
      "integrity": "sha1-qEeQIusaw2iocTibY1JixQXuNo8=",
      "requires": {
        "ansi-regex": "^3.0.0"
      }
    },
    "wcwidth": {
      "version": "1.0.1",
      "resolved": "https://registry.npmjs.org/wcwidth/-/wcwidth-1.0.1.tgz",
      "integrity": "sha1-8LDc+RW8X/FSivrbLA4XtTLaL+g=",
      "requires": {
        "defaults": "^1.0.3"
      }
    },
    "wrap-ansi": {
      "version": "3.0.1",
      "resolved": "https://registry.npmjs.org/wrap-ansi/-/wrap-ansi-3.0.1.tgz",
      "integrity": "sha1-KIoE2H7aXChuBg3+jxNc6NAH+Lo=",
      "requires": {
        "string-width": "^2.1.1",
        "strip-ansi": "^4.0.0"
      }
    }
  }
}
